
Microsoft Visual Studio Solution File, Format Version 12.00
# Visual Studio 15
VisualStudioVersion = 15.0.26124.0
MinimumVisualStudioVersion = 15.0.26124.0
Project("{2150E333-8FDC-42A3-9474-1A3956D46DE8}") = "src", "src", "{3CFCCC16-36B2-4F11-B102-1230EB1B1F51}"
EndProject
Project("{FAE04EC0-301F-11D3-BF4B-00C04F79EFBC}") = "Shipment.Api", "src\Shipment.Api\Shipment.Api.csproj", "{499299F6-D6B0-4508-BE39-F7CD76F7212A}"
EndProject
Project("{FAE04EC0-301F-11D3-BF4B-00C04F79EFBC}") = "Shipment.Common", "src\Shipment.Common\Shipment.Common.csproj", "{4DFF5BC6-7244-4BC9-A61A-12CC169B856C}"
EndProject
Project("{FAE04EC0-301F-11D3-BF4B-00C04F79EFBC}") = "Shipment.Services.Activities", "src\Shipment.Services.Activities\Shipment.Services.Activities.csproj", "{01F9B434-14EB-4636-BFCF-89F3D5882853}"
EndProject
Project("{FAE04EC0-301F-11D3-BF4B-00C04F79EFBC}") = "Shipment.Services.Identity", "src\Shipment.Services.Identity\Shipment.Services.Identity.csproj", "{9AAA3384-9FC2-48F5-8A8B-A3AC5202BCD2}"
EndProject
Global
	GlobalSection(SolutionConfigurationPlatforms) = preSolution
		Debug|Any CPU = Debug|Any CPU
		Debug|x64 = Debug|x64
		Debug|x86 = Debug|x86
		Release|Any CPU = Release|Any CPU
		Release|x64 = Release|x64
		Release|x86 = Release|x86
	EndGlobalSection
	GlobalSection(SolutionProperties) = preSolution
		HideSolutionNode = FALSE
	EndGlobalSection
	GlobalSection(ProjectConfigurationPlatforms) = postSolution
		{499299F6-D6B0-4508-BE39-F7CD76F7212A}.Debug|Any CPU.ActiveCfg = Debug|Any CPU
		{499299F6-D6B0-4508-BE39-F7CD76F7212A}.Debug|Any CPU.Build.0 = Debug|Any CPU
		{499299F6-D6B0-4508-BE39-F7CD76F7212A}.Debug|x64.ActiveCfg = Debug|x64
		{499299F6-D6B0-4508-BE39-F7CD76F7212A}.Debug|x64.Build.0 = Debug|x64
		{499299F6-D6B0-4508-BE39-F7CD76F7212A}.Debug|x86.ActiveCfg = Debug|x86
		{499299F6-D6B0-4508-BE39-F7CD76F7212A}.Debug|x86.Build.0 = Debug|x86
		{499299F6-D6B0-4508-BE39-F7CD76F7212A}.Release|Any CPU.ActiveCfg = Release|Any CPU
		{499299F6-D6B0-4508-BE39-F7CD76F7212A}.Release|Any CPU.Build.0 = Release|Any CPU
		{499299F6-D6B0-4508-BE39-F7CD76F7212A}.Release|x64.ActiveCfg = Release|x64
		{499299F6-D6B0-4508-BE39-F7CD76F7212A}.Release|x64.Build.0 = Release|x64
		{499299F6-D6B0-4508-BE39-F7CD76F7212A}.Release|x86.ActiveCfg = Release|x86
		{499299F6-D6B0-4508-BE39-F7CD76F7212A}.Release|x86.Build.0 = Release|x86
		{4DFF5BC6-7244-4BC9-A61A-12CC169B856C}.Debug|Any CPU.ActiveCfg = Debug|Any CPU
		{4DFF5BC6-7244-4BC9-A61A-12CC169B856C}.Debug|Any CPU.Build.0 = Debug|Any CPU
		{4DFF5BC6-7244-4BC9-A61A-12CC169B856C}.Debug|x64.ActiveCfg = Debug|x64
		{4DFF5BC6-7244-4BC9-A61A-12CC169B856C}.Debug|x64.Build.0 = Debug|x64
		{4DFF5BC6-7244-4BC9-A61A-12CC169B856C}.Debug|x86.ActiveCfg = Debug|x86
		{4DFF5BC6-7244-4BC9-A61A-12CC169B856C}.Debug|x86.Build.0 = Debug|x86
		{4DFF5BC6-7244-4BC9-A61A-12CC169B856C}.Release|Any CPU.ActiveCfg = Release|Any CPU
		{4DFF5BC6-7244-4BC9-A61A-12CC169B856C}.Release|Any CPU.Build.0 = Release|Any CPU
		{4DFF5BC6-7244-4BC9-A61A-12CC169B856C}.Release|x64.ActiveCfg = Release|x64
		{4DFF5BC6-7244-4BC9-A61A-12CC169B856C}.Release|x64.Build.0 = Release|x64
		{4DFF5BC6-7244-4BC9-A61A-12CC169B856C}.Release|x86.ActiveCfg = Release|x86
		{4DFF5BC6-7244-4BC9-A61A-12CC169B856C}.Release|x86.Build.0 = Release|x86
		{01F9B434-14EB-4636-BFCF-89F3D5882853}.Debug|Any CPU.ActiveCfg = Debug|Any CPU
		{01F9B434-14EB-4636-BFCF-89F3D5882853}.Debug|Any CPU.Build.0 = Debug|Any CPU
		{01F9B434-14EB-4636-BFCF-89F3D5882853}.Debug|x64.ActiveCfg = Debug|x64
		{01F9B434-14EB-4636-BFCF-89F3D5882853}.Debug|x64.Build.0 = Debug|x64
		{01F9B434-14EB-4636-BFCF-89F3D5882853}.Debug|x86.ActiveCfg = Debug|x86
		{01F9B434-14EB-4636-BFCF-89F3D5882853}.Debug|x86.Build.0 = Debug|x86
		{01F9B434-14EB-4636-BFCF-89F3D5882853}.Release|Any CPU.ActiveCfg = Release|Any CPU
		{01F9B434-14EB-4636-BFCF-89F3D5882853}.Release|Any CPU.Build.0 = Release|Any CPU
		{01F9B434-14EB-4636-BFCF-89F3D5882853}.Release|x64.ActiveCfg = Release|x64
		{01F9B434-14EB-4636-BFCF-89F3D5882853}.Release|x64.Build.0 = Release|x64
		{01F9B434-14EB-4636-BFCF-89F3D5882853}.Release|x86.ActiveCfg = Release|x86
		{01F9B434-14EB-4636-BFCF-89F3D5882853}.Release|x86.Build.0 = Release|x86
		{9AAA3384-9FC2-48F5-8A8B-A3AC5202BCD2}.Debug|Any CPU.ActiveCfg = Debug|Any CPU
		{9AAA3384-9FC2-48F5-8A8B-A3AC5202BCD2}.Debug|Any CPU.Build.0 = Debug|Any CPU
		{9AAA3384-9FC2-48F5-8A8B-A3AC5202BCD2}.Debug|x64.ActiveCfg = Debug|x64
		{9AAA3384-9FC2-48F5-8A8B-A3AC5202BCD2}.Debug|x64.Build.0 = Debug|x64
		{9AAA3384-9FC2-48F5-8A8B-A3AC5202BCD2}.Debug|x86.ActiveCfg = Debug|x86
		{9AAA3384-9FC2-48F5-8A8B-A3AC5202BCD2}.Debug|x86.Build.0 = Debug|x86
		{9AAA3384-9FC2-48F5-8A8B-A3AC5202BCD2}.Release|Any CPU.ActiveCfg = Release|Any CPU
		{9AAA3384-9FC2-48F5-8A8B-A3AC5202BCD2}.Release|Any CPU.Build.0 = Release|Any CPU
		{9AAA3384-9FC2-48F5-8A8B-A3AC5202BCD2}.Release|x64.ActiveCfg = Release|x64
		{9AAA3384-9FC2-48F5-8A8B-A3AC5202BCD2}.Release|x64.Build.0 = Release|x64
		{9AAA3384-9FC2-48F5-8A8B-A3AC5202BCD2}.Release|x86.ActiveCfg = Release|x86
		{9AAA3384-9FC2-48F5-8A8B-A3AC5202BCD2}.Release|x86.Build.0 = Release|x86
	EndGlobalSection
	GlobalSection(NestedProjects) = preSolution
		{499299F6-D6B0-4508-BE39-F7CD76F7212A} = {3CFCCC16-36B2-4F11-B102-1230EB1B1F51}
		{4DFF5BC6-7244-4BC9-A61A-12CC169B856C} = {3CFCCC16-36B2-4F11-B102-1230EB1B1F51}
		{01F9B434-14EB-4636-BFCF-89F3D5882853} = {3CFCCC16-36B2-4F11-B102-1230EB1B1F51}
		{9AAA3384-9FC2-48F5-8A8B-A3AC5202BCD2} = {3CFCCC16-36B2-4F11-B102-1230EB1B1F51}
	EndGlobalSection
EndGlobal
